{
  "version": "5",
  "specifiers": {
    "jsr:@fishenv/http@^0.0.2": "0.0.2",
    "jsr:@fishenv/wrq@~0.2.3": "0.2.3",
    "jsr:@std/assert@1": "1.0.19",
    "jsr:@std/async@1": "1.5.0",
    "jsr:@std/data-structures@^1.1.1": "1.1.2",
    "jsr:@std/fs@1": "1.0.24",
    "jsr:@std/internal@^1.0.12": "1.0.14",
    "jsr:@std/internal@^1.0.14": "1.0.14",
    "jsr:@std/path@1": "1.1.6",
    "jsr:@std/path@^1.1.5": "1.1.6",
    "jsr:@std/yaml@1": "1.2.0",
    "jsr:@valibot/valibot@1": "1.4.2",
    "npm:kysely@0.27": "0.27.6"
  },
  "jsr": {
    "@fishenv/http@0.0.2": {
      "integrity": "0ea330fad83ebd92397f203474a7128db05ab8a0258aebc693bb42c9fd6d1a21",
      "dependencies": [
        "jsr:@valibot/valibot"
      ]
    },
    "@fishenv/wrq@0.2.3": {
      "integrity": "dd0f132caf0810b2f74865e32a138fcb1ac8bc44bf9b99f5990e91a6d315dcf2"
    },
    "@std/assert@1.0.19": {
      "integrity": "eaada96ee120cb980bc47e040f82814d786fe8162ecc53c91d8df60b8755991e",
      "dependencies": [
        "jsr:@std/internal@^1.0.12"
      ]
    },
    "@std/async@1.5.0": {
      "integrity": "4c1f22d287a17ad7d8643b1952bc5a4d21e5d8b68dc8c20d8268eecc69096e82",
      "dependencies": [
        "jsr:@std/data-structures"
      ]
    },
    "@std/data-structures@1.1.2": {
      "integrity": "2471377c9e0051f9ec34e57d0ebd0ad133a5a889677446ec6ba9938e4e102918"
    },
    "@std/fs@1.0.24": {
      "integrity": "f3061b45b81673a2bece689da041df32d174be064c89eb6397fb5718d3fb7877",
      "dependencies": [
        "jsr:@std/internal@^1.0.14",
        "jsr:@std/path@^1.1.5"
      ]
    },
    "@std/internal@1.0.14": {
      "integrity": "291516b3d4c35024d6ffbc0a9df5bf4c64116e05b50012cf846710152d2ffdf7"
    },
    "@std/path@1.1.6": {
      "integrity": "c68485c2a4dfbb5ae3cc74fae4e8c4e5d874cf8a8ed12927917235c758b46cbe",
      "dependencies": [
        "jsr:@std/internal@^1.0.14"
      ]
    },
    "@std/yaml@1.2.0": {
      "integrity": "20beb41e4983ba3437dbefac62b14061ab058e8a187596f19d28ff9035f6e6cf"
    },
    "@valibot/valibot@1.4.2": {
      "integrity": "14f7fbb7474a8ade216224062d1e8b23cd17ecbb5176fc23595e846778c4725d"
    }
  },
  "npm": {
    "kysely@0.27.6": {
      "integrity": "sha512-FIyV/64EkKhJmjgC0g2hygpBv5RNWVPyNCqSAD7eTCv6eFWNIi4PN1UvdSJGicN/o35bnevgis4Y0UDC0qi8jQ=="
    }
  },
  "workspace": {
    "dependencies": [
      "jsr:@fishenv/http@^0.0.2",
      "jsr:@fishenv/wrq@~0.2.3",
      "jsr:@std/assert@1",
      "jsr:@std/async@1",
      "jsr:@std/fs@1",
      "jsr:@std/path@1",
      "jsr:@valibot/valibot@1",
      "npm:kysely@0.27"
    ]
  }
}
